
Microsoft Visual Studio Solution File, Format Version 12.00
# Visual Studio 14
VisualStudioVersion = 14.0.25420.1
MinimumVisualStudioVersion = 10.0.40219.1
Project("{FAE04EC0-301F-11D3-BF4B-00C04F79EFBC}") = "ShinyLakesideResort", "ShinyLakesideResort\ShinyLakesideResort.csproj", "{E48A56A7-4A95-4C21-8CA5-FB2EE65E386C}"
EndProject
Global
	GlobalSection(SolutionConfigurationPlatforms) = preSolution
		Debug|Any CPU = Debug|Any CPU
		Release|Any CPU = Release|Any CPU
	EndGlobalSection
	GlobalSection(ProjectConfigurationPlatforms) = postSolution
		{E48A56A7-4A95-4C21-8CA5-FB2EE65E386C}.Debug|Any CPU.ActiveCfg = Debug|Any CPU
		{E48A56A7-4A95-4C21-8CA5-FB2EE65E386C}.Debug|Any CPU.Build.0 = Debug|Any CPU
		{E48A56A7-4A95-4C21-8CA5-FB2EE65E386C}.Release|Any CPU.ActiveCfg = Release|Any CPU
		{E48A56A7-4A95-4C21-8CA5-FB2EE65E386C}.Release|Any CPU.Build.0 = Release|Any CPU
	EndGlobalSection
	GlobalSection(SolutionProperties) = preSolution
		HideSolutionNode = FALSE
	EndGlobalSection
EndGlobal
